// !$*UTF8*$!
{
	archiveVersion = 1;
	classes = {
	};
	objectVersion = 50;
	objects = {

/* Begin PBXBuildFile section */
		5355EC5E27A338CA005FDCD6 /* simulator.c in Sources */ = {isa = PBXBuildFile; fileRef = 5355EC5A27A338CA005FDCD6 /* simulator.c */; };
		5355EC5F27A338CA005FDCD6 /* Makefile in Sources */ = {isa = PBXBuildFile; fileRef = 5355EC5B27A338CA005FDCD6 /* Makefile */; };
/* End PBXBuildFile section */

/* Begin PBXCopyFilesBuildPhase section */
		5355EC4C27A338B1005FDCD6 /* CopyFiles */ = {
			isa = PBXCopyFilesBuildPhase;
			buildActionMask = 2147483647;
			dstPath = /usr/share/man/man1/;
			dstSubfolderSpec = 0;
			files = (
			);
			runOnlyForDeploymentPostprocessing = 1;
		};
/* End PBXCopyFilesBuildPhase section */

/* Begin PBXFileReference section */
		534BFC6E27AA33F7002D3754 /* test1.txt */ = {isa = PBXFileReference; lastKnownFileType = text; name = test1.txt; path = ../../test1.txt; sourceTree = "<group>"; };
		534BFC6F27AA3715002D3754 /* test2.txt */ = {isa = PBXFileReference; lastKnownFileType = text; name = test2.txt; path = ../../test2.txt; sourceTree = "<group>"; };
		534BFC7027AA3E9F002D3754 /* test3.txt */ = {isa = PBXFileReference; lastKnownFileType = text; name = test3.txt; path = ../../test3.txt; sourceTree = "<group>"; };
		534BFC7727AA5B88002D3754 /* test4.txt */ = {isa = PBXFileReference; lastKnownFileType = text; path = test4.txt; sourceTree = "<group>"; };
		5355EC4E27A338B1005FDCD6 /* proj1s */ = {isa = PBXFileReference; explicitFileType = "compiled.mach-o.executable"; includeInIndex = 0; path = proj1s; sourceTree = BUILT_PRODUCTS_DIR; };
		5355EC5A27A338CA005FDCD6 /* simulator.c */ = {isa = PBXFileReference; fileEncoding = 4; lastKnownFileType = sourcecode.c.c; name = simulator.c; path = ../../simulator.c; sourceTree = "<group>"; };
		5355EC5B27A338CA005FDCD6 /* Makefile */ = {isa = PBXFileReference; fileEncoding = 4; lastKnownFileType = sourcecode.make; name = Makefile; path = ../../Makefile; sourceTree = "<group>"; };
		5355EC5C27A338CA005FDCD6 /* spec.out.correct */ = {isa = PBXFileReference; fileEncoding = 4; lastKnownFileType = text; name = spec.out.correct; path = ../../spec.out.correct; sourceTree = "<group>"; };
		5355EC6627A37040005FDCD6 /* spec.mc */ = {isa = PBXFileReference; fileEncoding = 4; lastKnownFileType = text; name = spec.mc; path = ../../spec.mc; sourceTree = "<group>"; };
		5355EC6927A3773E005FDCD6 /* out.txt */ = {isa = PBXFileReference; fileEncoding = 4; lastKnownFileType = text; name = out.txt; path = ../../out.txt; sourceTree = "<group>"; };
		53580AD227C4C1B100E354FC /* result.txt */ = {isa = PBXFileReference; lastKnownFileType = text; name = result.txt; path = ../../result.txt; sourceTree = "<group>"; };
/* End PBXFileReference section */

/* Begin PBXFrameworksBuildPhase section */
		5355EC4B27A338B1005FDCD6 /* Frameworks */ = {
			isa = PBXFrameworksBuildPhase;
			buildActionMask = 2147483647;
			files = (
			);
			runOnlyForDeploymentPostprocessing = 0;
		};
/* End PBXFrameworksBuildPhase section */

/* Begin PBXGroup section */
		5355EC4527A338B1005FDCD6 = {
			isa = PBXGroup;
			children = (
				5355EC5027A338B1005FDCD6 /* proj1s */,
				5355EC4F27A338B1005FDCD6 /* Products */,
			);
			sourceTree = "<group>";
		};
		5355EC4F27A338B1005FDCD6 /* Products */ = {
			isa = PBXGroup;
			children = (
				5355EC4E27A338B1005FDCD6 /* proj1s */,
			);
			name = Products;
			sourceTree = "<group>";
		};
		5355EC5027A338B1005FDCD6 /* proj1s */ = {
			isa = PBXGroup;
			children = (
				534BFC7727AA5B88002D3754 /* test4.txt */,
				5355EC6927A3773E005FDCD6 /* out.txt */,
				5355EC6627A37040005FDCD6 /* spec.mc */,
				5355EC5B27A338CA005FDCD6 /* Makefile */,
				5355EC5C27A338CA005FDCD6 /* spec.out.correct */,
				5355EC5A27A338CA005FDCD6 /* simulator.c */,
				534BFC6E27AA33F7002D3754 /* test1.txt */,
				534BFC6F27AA3715002D3754 /* test2.txt */,
				534BFC7027AA3E9F002D3754 /* test3.txt */,
				53580AD227C4C1B100E354FC /* result.txt */,
			);
			path = proj1s;
			sourceTree = "<group>";
		};
/* End PBXGroup section */

/* Begin PBXNativeTarget section */
		5355EC4D27A338B1005FDCD6 /* proj1s */ = {
			isa = PBXNativeTarget;
			buildConfigurationList = 5355EC5527A338B1005FDCD6 /* Build configuration list for PBXNativeTarget "proj1s" */;
			buildPhases = (
				5355EC4A27A338B1005FDCD6 /* Sources */,
				5355EC4B27A338B1005FDCD6 /* Frameworks */,
				5355EC4C27A338B1005FDCD6 /* CopyFiles */,
			);
			buildRules = (
			);
			dependencies = (
			);
			name = proj1s;
			productName = proj1s;
			productReference = 5355EC4E27A338B1005FDCD6 /* proj1s */;
			productType = "com.apple.product-type.tool";
		};
/* End PBXNativeTarget section */

/* Begin PBXProject section */
		5355EC4627A338B1005FDCD6 /* Project object */ = {
			isa = PBXProject;
			attributes = {
				LastUpgradeCheck = 1240;
				TargetAttributes = {
					5355EC4D27A338B1005FDCD6 = {
						CreatedOnToolsVersion = 12.4;
					};
				};
			};
			buildConfigurationList = 5355EC4927A338B1005FDCD6 /* Build configuration list for PBXProject "proj1s" */;
			compatibilityVersion = "Xcode 9.3";
			developmentRegion = en;
			hasScannedForEncodings = 0;
			knownRegions = (
				en,
				Base,
			);
			mainGroup = 5355EC4527A338B1005FDCD6;
			productRefGroup = 5355EC4F27A338B1005FDCD6 /* Products */;
			projectDirPath = "";
			projectRoot = "";
			targets = (
				5355EC4D27A338B1005FDCD6 /* proj1s */,
			);
		};
/* End PBXProject section */

/* Begin PBXSourcesBuildPhase section */
		5355EC4A27A338B1005FDCD6 /* Sources */ = {
			isa = PBXSourcesBuildPhase;
			buildActionMask = 2147483647;
			files = (
				5355EC5F27A338CA005FDCD6 /* Makefile in Sources */,
				5355EC5E27A338CA005FDCD6 /* simulator.c in Sources */,
			);
			runOnlyForDeploymentPostprocessing = 0;
		};
/* End PBXSourcesBuildPhase section */

/* Begin XCBuildConfiguration section */
		5355EC5327A338B1005FDCD6 /* Debug */ = {
			isa = XCBuildConfiguration;
			buildSettings = {
				ALWAYS_SEARCH_USER_PATHS = NO;
				CLANG_ANALYZER_NONNULL = YES;
				CLANG_ANALYZER_NUMBER_OBJECT_CONVERSION = YES_AGGRESSIVE;
				CLANG_CXX_LANGUAGE_STANDARD = "gnu++14";
				CLANG_CXX_LIBRARY = "libc++";
				CLANG_ENABLE_MODULES = YES;
				CLANG_ENABLE_OBJC_ARC = YES;
				CLANG_ENABLE_OBJC_WEAK = YES;
				CLANG_WARN_BLOCK_CAPTURE_AUTORELEASING = YES;
				CLANG_WARN_BOOL_CONVERSION = YES;
				CLANG_WARN_COMMA = YES;
				CLANG_WARN_CONSTANT_CONVERSION = YES;
				CLANG_WARN_DEPRECATED_OBJC_IMPLEMENTATIONS = YES;
				CLANG_WARN_DIRECT_OBJC_ISA_USAGE = YES_ERROR;
				CLANG_WARN_DOCUMENTATION_COMMENTS = YES;
				CLANG_WARN_EMPTY_BODY = YES;
				CLANG_WARN_ENUM_CONVERSION = YES;
				CLANG_WARN_INFINITE_RECURSION = YES;
				CLANG_WARN_INT_CONVERSION = YES;
				CLANG_WARN_NON_LITERAL_NULL_CONVERSION = YES;
				CLANG_WARN_OBJC_IMPLICIT_RETAIN_SELF = YES;
				CLANG_WARN_OBJC_LITERAL_CONVERSION = YES;
				CLANG_WARN_OBJC_ROOT_CLASS = YES_ERROR;
				CLANG_WARN_QUOTED_INCLUDE_IN_FRAMEWORK_HEADER = YES;
				CLANG_WARN_RANGE_LOOP_ANALYSIS = YES;
				CLANG_WARN_STRICT_PROTOTYPES = YES;
				CLANG_WARN_SUSPICIOUS_MOVE = YES;
				CLANG_WARN_UNGUARDED_AVAILABILITY = YES_AGGRESSIVE;
				CLANG_WARN_UNREACHABLE_CODE = YES;
				CLANG_WARN__DUPLICATE_METHOD_MATCH = YES;
				COPY_PHASE_STRIP = NO;
				DEBUG_INFORMATION_FORMAT = dwarf;
				ENABLE_STRICT_OBJC_MSGSEND = YES;
				ENABLE_TESTABILITY = YES;
				GCC_C_LANGUAGE_STANDARD = gnu11;
				GCC_DYNAMIC_NO_PIC = NO;
				GCC_NO_COMMON_BLOCKS = YES;
				GCC_OPTIMIZATION_LEVEL = 0;
				GCC_PREPROCESSOR_DEFINITIONS = (
					"DEBUG=1",
					"$(inherited)",
				);
				GCC_WARN_64_TO_32_BIT_CONVERSION = YES;
				GCC_WARN_ABOUT_RETURN_TYPE = YES_ERROR;
				GCC_WARN_UNDECLARED_SELECTOR = YES;
				GCC_WARN_UNINITIALIZED_AUTOS = YES_AGGRESSIVE;
				GCC_WARN_UNUSED_FUNCTION = YES;
				GCC_WARN_UNUSED_VARIABLE = YES;
				MACOSX_DEPLOYMENT_TARGET = 10.15;
				MTL_ENABLE_DEBUG_INFO = INCLUDE_SOURCE;
				MTL_FAST_MATH = YES;
				ONLY_ACTIVE_ARCH = YES;
				SDKROOT = macosx;
			};
			name = Debug;
		};
		5355EC5427A338B1005FDCD6 /* Release */ = {
			isa = XCBuildConfiguration;
			buildSettings = {
				ALWAYS_SEARCH_USER_PATHS = NO;
				CLANG_ANALYZER_NONNULL = YES;
				CLANG_ANALYZER_NUMBER_OBJECT_CONVERSION = YES_AGGRESSIVE;
				CLANG_CXX_LANGUAGE_STANDARD = "gnu++14";
				CLANG_CXX_LIBRARY = "libc++";
				CLANG_ENABLE_MODULES = YES;
				CLANG_ENABLE_OBJC_ARC = YES;
				CLANG_ENABLE_OBJC_WEAK = YES;
				CLANG_WARN_BLOCK_CAPTURE_AUTORELEASING = YES;
				CLANG_WARN_BOOL_CONVERSION = YES;
				CLANG_WARN_COMMA = YES;
				CLANG_WARN_CONSTANT_CONVERSION = YES;
				CLANG_WARN_DEPRECATED_OBJC_IMPLEMENTATIONS = YES;
				CLANG_WARN_DIRECT_OBJC_ISA_USAGE = YES_ERROR;
				CLANG_WARN_DOCUMENTATION_COMMENTS = YES;
				CLANG_WARN_EMPTY_BODY = YES;
				CLANG_WARN_ENUM_CONVERSION = YES;
				CLANG_WARN_INFINITE_RECURSION = YES;
				CLANG_WARN_INT_CONVERSION = YES;
				CLANG_WARN_NON_LITERAL_NULL_CONVERSION = YES;
				CLANG_WARN_OBJC_IMPLICIT_RETAIN_SELF = YES;
				CLANG_WARN_OBJC_LITERAL_CONVERSION = YES;
				CLANG_WARN_OBJC_ROOT_CLASS = YES_ERROR;
				CLANG_WARN_QUOTED_INCLUDE_IN_FRAMEWORK_HEADER = YES;
				CLANG_WARN_RANGE_LOOP_ANALYSIS = YES;
				CLANG_WARN_STRICT_PROTOTYPES = YES;
				CLANG_WARN_SUSPICIOUS_MOVE = YES;
				CLANG_WARN_UNGUARDED_AVAILABILITY = YES_AGGRESSIVE;
				CLANG_WARN_UNREACHABLE_CODE = YES;
				CLANG_WARN__DUPLICATE_METHOD_MATCH = YES;
				COPY_PHASE_STRIP = NO;
				DEBUG_INFORMATION_FORMAT = "dwarf-with-dsym";
				ENABLE_NS_ASSERTIONS = NO;
				ENABLE_STRICT_OBJC_MSGSEND = YES;
				GCC_C_LANGUAGE_STANDARD = gnu11;
				GCC_NO_COMMON_BLOCKS = YES;
				GCC_WARN_64_TO_32_BIT_CONVERSION = YES;
				GCC_WARN_ABOUT_RETURN_TYPE = YES_ERROR;
				GCC_WARN_UNDECLARED_SELECTOR = YES;
				GCC_WARN_UNINITIALIZED_AUTOS = YES_AGGRESSIVE;
				GCC_WARN_UNUSED_FUNCTION = YES;
				GCC_WARN_UNUSED_VARIABLE = YES;
				MACOSX_DEPLOYMENT_TARGET = 10.15;
				MTL_ENABLE_DEBUG_INFO = NO;
				MTL_FAST_MATH = YES;
				SDKROOT = macosx;
			};
			name = Release;
		};
		5355EC5627A338B1005FDCD6 /* Debug */ = {
			isa = XCBuildConfiguration;
			buildSettings = {
				CODE_SIGN_STYLE = Automatic;
				PRODUCT_NAME = "$(TARGET_NAME)";
			};
			name = Debug;
		};
		5355EC5727A338B1005FDCD6 /* Release */ = {
			isa = XCBuildConfiguration;
			buildSettings = {
				CODE_SIGN_STYLE = Automatic;
				PRODUCT_NAME = "$(TARGET_NAME)";
			};
			name = Release;
		};
/* End XCBuildConfiguration section */

/* Begin XCConfigurationList section */
		5355EC4927A338B1005FDCD6 /* Build configuration list for PBXProject "proj1s" */ = {
			isa = XCConfigurationList;
			buildConfigurations = (
				5355EC5327A338B1005FDCD6 /* Debug */,
				5355EC5427A338B1005FDCD6 /* Release */,
			);
			defaultConfigurationIsVisible = 0;
			defaultConfigurationName = Release;
		};
		5355EC5527A338B1005FDCD6 /* Build configuration list for PBXNativeTarget "proj1s" */ = {
			isa = XCConfigurationList;
			buildConfigurations = (
				5355EC5627A338B1005FDCD6 /* Debug */,
				5355EC5727A338B1005FDCD6 /* Release */,
			);
			defaultConfigurationIsVisible = 0;
			defaultConfigurationName = Release;
		};
/* End XCConfigurationList section */
	};
	rootObject = 5355EC4627A338B1005FDCD6 /* Project object */;
}
